// !$*UTF8*$!
{
	archiveVersion = 1;
	classes = {
	};
	objectVersion = 55;
	objects = {

/* Begin PBXBuildFile section */
		FC3833E1290DCCE1003BCD33 /* LocationManager.swift in Sources */ = {isa = PBXBuildFile; fileRef = FC3833E0290DCCE1003BCD33 /* LocationManager.swift */; };
		FC3833E4290DCEFA003BCD33 /* WelcomeView.swift in Sources */ = {isa = PBXBuildFile; fileRef = FC3833E3290DCEFA003BCD33 /* WelcomeView.swift */; };
		FC3833E6290DDBF8003BCD33 /* LoadingView.swift in Sources */ = {isa = PBXBuildFile; fileRef = FC3833E5290DDBF8003BCD33 /* LoadingView.swift */; };
		FC3833E8290DE031003BCD33 /* WeatherManager.swift in Sources */ = {isa = PBXBuildFile; fileRef = FC3833E7290DE031003BCD33 /* WeatherManager.swift */; };
		FC3833EA290DE4BA003BCD33 /* WeatherView.swift in Sources */ = {isa = PBXBuildFile; fileRef = FC3833E9290DE4BA003BCD33 /* WeatherView.swift */; };
		FC3833EC290DE515003BCD33 /* ModelData.swift in Sources */ = {isa = PBXBuildFile; fileRef = FC3833EB290DE515003BCD33 /* ModelData.swift */; };
		FC3833EE290DE550003BCD33 /* weatherData.json in Resources */ = {isa = PBXBuildFile; fileRef = FC3833ED290DE550003BCD33 /* weatherData.json */; };
		FC3833F0290DE8DE003BCD33 /* Extensions.swift in Sources */ = {isa = PBXBuildFile; fileRef = FC3833EF290DE8DE003BCD33 /* Extensions.swift */; };
		FC3833F3290DF0F9003BCD33 /* WeatherRow.swift in Sources */ = {isa = PBXBuildFile; fileRef = FC3833F2290DF0F9003BCD33 /* WeatherRow.swift */; };
		FCA51DFF2AD5A78B00BD96F4 /* libDBWeatherKit.a in Frameworks */ = {isa = PBXBuildFile; fileRef = FCA51DF82AD5A78B00BD96F4 /* libDBWeatherKit.a */; };
		FCA51E002AD5A78B00BD96F4 /* arm64-apple-ios-simulator.abi.json in Resources */ = {isa = PBXBuildFile; fileRef = FCA51DFA2AD5A78B00BD96F4 /* arm64-apple-ios-simulator.abi.json */; };
		FCA51E012AD5A78B00BD96F4 /* arm64-apple-ios-simulator.swiftmodule in Resources */ = {isa = PBXBuildFile; fileRef = FCA51DFB2AD5A78B00BD96F4 /* arm64-apple-ios-simulator.swiftmodule */; };
		FCA51E022AD5A78B00BD96F4 /* arm64-apple-ios-simulator.swiftsourceinfo in Resources */ = {isa = PBXBuildFile; fileRef = FCA51DFD2AD5A78B00BD96F4 /* arm64-apple-ios-simulator.swiftsourceinfo */; };
		FCA51E032AD5A78B00BD96F4 /* arm64-apple-ios-simulator.swiftdoc in Resources */ = {isa = PBXBuildFile; fileRef = FCA51DFE2AD5A78B00BD96F4 /* arm64-apple-ios-simulator.swiftdoc */; };
		FCD86FEA290CB9E200313DF3 /* PlaySwiftUIApp.swift in Sources */ = {isa = PBXBuildFile; fileRef = FCD86FE9290CB9E200313DF3 /* PlaySwiftUIApp.swift */; };
		FCD86FEC290CB9E200313DF3 /* ContentView.swift in Sources */ = {isa = PBXBuildFile; fileRef = FCD86FEB290CB9E200313DF3 /* ContentView.swift */; };
		FCD86FEE290CB9E200313DF3 /* Assets.xcassets in Resources */ = {isa = PBXBuildFile; fileRef = FCD86FED290CB9E200313DF3 /* Assets.xcassets */; };
		FCD86FF1290CB9E200313DF3 /* Preview Assets.xcassets in Resources */ = {isa = PBXBuildFile; fileRef = FCD86FF0290CB9E200313DF3 /* Preview Assets.xcassets */; };
		FCD86FFB290CB9E200313DF3 /* PlaySwiftUITests.swift in Sources */ = {isa = PBXBuildFile; fileRef = FCD86FFA290CB9E200313DF3 /* PlaySwiftUITests.swift */; };
		FCD87005290CB9E200313DF3 /* PlaySwiftUIUITests.swift in Sources */ = {isa = PBXBuildFile; fileRef = FCD87004290CB9E200313DF3 /* PlaySwiftUIUITests.swift */; };
		FCD87007290CB9E200313DF3 /* PlaySwiftUIUITestsLaunchTests.swift in Sources */ = {isa = PBXBuildFile; fileRef = FCD87006290CB9E200313DF3 /* PlaySwiftUIUITestsLaunchTests.swift */; };
/* End PBXBuildFile section */

/* Begin PBXContainerItemProxy section */
		FCD86FF7290CB9E200313DF3 /* PBXContainerItemProxy */ = {
			isa = PBXContainerItemProxy;
			containerPortal = FCD86FDE290CB9E200313DF3 /* Project object */;
			proxyType = 1;
			remoteGlobalIDString = FCD86FE5290CB9E200313DF3;
			remoteInfo = PlaySwiftUI;
		};
		FCD87001290CB9E200313DF3 /* PBXContainerItemProxy */ = {
			isa = PBXContainerItemProxy;
			containerPortal = FCD86FDE290CB9E200313DF3 /* Project object */;
			proxyType = 1;
			remoteGlobalIDString = FCD86FE5290CB9E200313DF3;
			remoteInfo = PlaySwiftUI;
		};
/* End PBXContainerItemProxy section */

/* Begin PBXFileReference section */
		FC3833E0290DCCE1003BCD33 /* LocationManager.swift */ = {isa = PBXFileReference; lastKnownFileType = sourcecode.swift; path = LocationManager.swift; sourceTree = "<group>"; };
		FC3833E3290DCEFA003BCD33 /* WelcomeView.swift */ = {isa = PBXFileReference; lastKnownFileType = sourcecode.swift; path = WelcomeView.swift; sourceTree = "<group>"; };
		FC3833E5290DDBF8003BCD33 /* LoadingView.swift */ = {isa = PBXFileReference; lastKnownFileType = sourcecode.swift; path = LoadingView.swift; sourceTree = "<group>"; };
		FC3833E7290DE031003BCD33 /* WeatherManager.swift */ = {isa = PBXFileReference; lastKnownFileType = sourcecode.swift; path = WeatherManager.swift; sourceTree = "<group>"; };
		FC3833E9290DE4BA003BCD33 /* WeatherView.swift */ = {isa = PBXFileReference; lastKnownFileType = sourcecode.swift; path = WeatherView.swift; sourceTree = "<group>"; };
		FC3833EB290DE515003BCD33 /* ModelData.swift */ = {isa = PBXFileReference; lastKnownFileType = sourcecode.swift; path = ModelData.swift; sourceTree = "<group>"; };
		FC3833ED290DE550003BCD33 /* weatherData.json */ = {isa = PBXFileReference; lastKnownFileType = text.json; path = weatherData.json; sourceTree = "<group>"; };
		FC3833EF290DE8DE003BCD33 /* Extensions.swift */ = {isa = PBXFileReference; lastKnownFileType = sourcecode.swift; path = Extensions.swift; sourceTree = "<group>"; };
		FC3833F2290DF0F9003BCD33 /* WeatherRow.swift */ = {isa = PBXFileReference; lastKnownFileType = sourcecode.swift; path = WeatherRow.swift; sourceTree = "<group>"; };
		FCA51DF82AD5A78B00BD96F4 /* libDBWeatherKit.a */ = {isa = PBXFileReference; lastKnownFileType = archive.ar; path = libDBWeatherKit.a; sourceTree = "<group>"; };
		FCA51DFA2AD5A78B00BD96F4 /* arm64-apple-ios-simulator.abi.json */ = {isa = PBXFileReference; fileEncoding = 4; lastKnownFileType = text.json; path = "arm64-apple-ios-simulator.abi.json"; sourceTree = "<group>"; };
		FCA51DFB2AD5A78B00BD96F4 /* arm64-apple-ios-simulator.swiftmodule */ = {isa = PBXFileReference; lastKnownFileType = file; path = "arm64-apple-ios-simulator.swiftmodule"; sourceTree = "<group>"; };
		FCA51DFD2AD5A78B00BD96F4 /* arm64-apple-ios-simulator.swiftsourceinfo */ = {isa = PBXFileReference; lastKnownFileType = file; path = "arm64-apple-ios-simulator.swiftsourceinfo"; sourceTree = "<group>"; };
		FCA51DFE2AD5A78B00BD96F4 /* arm64-apple-ios-simulator.swiftdoc */ = {isa = PBXFileReference; lastKnownFileType = file; path = "arm64-apple-ios-simulator.swiftdoc"; sourceTree = "<group>"; };
		FCD86FE6290CB9E200313DF3 /* PlaySwiftUI.app */ = {isa = PBXFileReference; explicitFileType = wrapper.application; includeInIndex = 0; path = PlaySwiftUI.app; sourceTree = BUILT_PRODUCTS_DIR; };
		FCD86FE9290CB9E200313DF3 /* PlaySwiftUIApp.swift */ = {isa = PBXFileReference; lastKnownFileType = sourcecode.swift; path = PlaySwiftUIApp.swift; sourceTree = "<group>"; };
		FCD86FEB290CB9E200313DF3 /* ContentView.swift */ = {isa = PBXFileReference; lastKnownFileType = sourcecode.swift; path = ContentView.swift; sourceTree = "<group>"; };
		FCD86FED290CB9E200313DF3 /* Assets.xcassets */ = {isa = PBXFileReference; lastKnownFileType = folder.assetcatalog; path = Assets.xcassets; sourceTree = "<group>"; };
		FCD86FF0290CB9E200313DF3 /* Preview Assets.xcassets */ = {isa = PBXFileReference; lastKnownFileType = folder.assetcatalog; path = "Preview Assets.xcassets"; sourceTree = "<group>"; };
		FCD86FF6290CB9E200313DF3 /* PlaySwiftUITests.xctest */ = {isa = PBXFileReference; explicitFileType = wrapper.cfbundle; includeInIndex = 0; path = PlaySwiftUITests.xctest; sourceTree = BUILT_PRODUCTS_DIR; };
		FCD86FFA290CB9E200313DF3 /* PlaySwiftUITests.swift */ = {isa = PBXFileReference; lastKnownFileType = sourcecode.swift; path = PlaySwiftUITests.swift; sourceTree = "<group>"; };
		FCD87000290CB9E200313DF3 /* PlaySwiftUIUITests.xctest */ = {isa = PBXFileReference; explicitFileType = wrapper.cfbundle; includeInIndex = 0; path = PlaySwiftUIUITests.xctest; sourceTree = BUILT_PRODUCTS_DIR; };
		FCD87004290CB9E200313DF3 /* PlaySwiftUIUITests.swift */ = {isa = PBXFileReference; lastKnownFileType = sourcecode.swift; path = PlaySwiftUIUITests.swift; sourceTree = "<group>"; };
		FCD87006290CB9E200313DF3 /* PlaySwiftUIUITestsLaunchTests.swift */ = {isa = PBXFileReference; lastKnownFileType = sourcecode.swift; path = PlaySwiftUIUITestsLaunchTests.swift; sourceTree = "<group>"; };
/* End PBXFileReference section */

/* Begin PBXFrameworksBuildPhase section */
		FCD86FE3290CB9E200313DF3 /* Frameworks */ = {
			isa = PBXFrameworksBuildPhase;
			buildActionMask = 2147483647;
			files = (
				FCA51DFF2AD5A78B00BD96F4 /* libDBWeatherKit.a in Frameworks */,
			);
			runOnlyForDeploymentPostprocessing = 0;
		};
		FCD86FF3290CB9E200313DF3 /* Frameworks */ = {
			isa = PBXFrameworksBuildPhase;
			buildActionMask = 2147483647;
			files = (
			);
			runOnlyForDeploymentPostprocessing = 0;
		};
		FCD86FFD290CB9E200313DF3 /* Frameworks */ = {
			isa = PBXFrameworksBuildPhase;
			buildActionMask = 2147483647;
			files = (
			);
			runOnlyForDeploymentPostprocessing = 0;
		};
/* End PBXFrameworksBuildPhase section */

/* Begin PBXGroup section */
		FC3833DF290DCCC0003BCD33 /* Managers */ = {
			isa = PBXGroup;
			children = (
				FC3833E0290DCCE1003BCD33 /* LocationManager.swift */,
				FC3833E7290DE031003BCD33 /* WeatherManager.swift */,
			);
			path = Managers;
			sourceTree = "<group>";
		};
		FC3833E2290DCEED003BCD33 /* View */ = {
			isa = PBXGroup;
			children = (
				FC3833E3290DCEFA003BCD33 /* WelcomeView.swift */,
				FC3833E5290DDBF8003BCD33 /* LoadingView.swift */,
				FC3833E9290DE4BA003BCD33 /* WeatherView.swift */,
			);
			path = View;
			sourceTree = "<group>";
		};
		FC3833F1290DF0DF003BCD33 /* Components */ = {
			isa = PBXGroup;
			children = (
				FC3833F2290DF0F9003BCD33 /* WeatherRow.swift */,
			);
			path = Components;
			sourceTree = "<group>";
		};
		FCA51DF72AD5A78B00BD96F4 /* WeatherLib */ = {
			isa = PBXGroup;
			children = (
				FCA51DF82AD5A78B00BD96F4 /* libDBWeatherKit.a */,
				FCA51DF92AD5A78B00BD96F4 /* DBWeatherKit.swiftmodule */,
			);
			path = WeatherLib;
			sourceTree = SOURCE_ROOT;
		};
		FCA51DF92AD5A78B00BD96F4 /* DBWeatherKit.swiftmodule */ = {
			isa = PBXGroup;
			children = (
				FCA51DFA2AD5A78B00BD96F4 /* arm64-apple-ios-simulator.abi.json */,
				FCA51DFB2AD5A78B00BD96F4 /* arm64-apple-ios-simulator.swiftmodule */,
				FCA51DFC2AD5A78B00BD96F4 /* Project */,
				FCA51DFE2AD5A78B00BD96F4 /* arm64-apple-ios-simulator.swiftdoc */,
			);
			path = DBWeatherKit.swiftmodule;
			sourceTree = "<group>";
		};
		FCA51DFC2AD5A78B00BD96F4 /* Project */ = {
			isa = PBXGroup;
			children = (
				FCA51DFD2AD5A78B00BD96F4 /* arm64-apple-ios-simulator.swiftsourceinfo */,
			);
			path = Project;
			sourceTree = "<group>";
		};
		FCD86FDD290CB9E200313DF3 = {
			isa = PBXGroup;
			children = (
				FCD86FE8290CB9E200313DF3 /* PlaySwiftUI */,
				FCD86FF9290CB9E200313DF3 /* PlaySwiftUITests */,
				FCD87003290CB9E200313DF3 /* PlaySwiftUIUITests */,
				FCD86FE7290CB9E200313DF3 /* Products */,
			);
			sourceTree = "<group>";
		};
		FCD86FE7290CB9E200313DF3 /* Products */ = {
			isa = PBXGroup;
			children = (
				FCD86FE6290CB9E200313DF3 /* PlaySwiftUI.app */,
				FCD86FF6290CB9E200313DF3 /* PlaySwiftUITests.xctest */,
				FCD87000290CB9E200313DF3 /* PlaySwiftUIUITests.xctest */,
			);
			name = Products;
			sourceTree = "<group>";
		};
		FCD86FE8290CB9E200313DF3 /* PlaySwiftUI */ = {
			isa = PBXGroup;
			children = (
				FCA51DF72AD5A78B00BD96F4 /* WeatherLib */,
				FC3833F1290DF0DF003BCD33 /* Components */,
				FC3833E2290DCEED003BCD33 /* View */,
				FC3833DF290DCCC0003BCD33 /* Managers */,
				FCD86FE9290CB9E200313DF3 /* PlaySwiftUIApp.swift */,
				FCD86FEB290CB9E200313DF3 /* ContentView.swift */,
				FC3833EF290DE8DE003BCD33 /* Extensions.swift */,
				FCD86FED290CB9E200313DF3 /* Assets.xcassets */,
				FCD86FEF290CB9E200313DF3 /* Preview Content */,
			);
			path = PlaySwiftUI;
			sourceTree = "<group>";
		};
		FCD86FEF290CB9E200313DF3 /* Preview Content */ = {
			isa = PBXGroup;
			children = (
				FCD86FF0290CB9E200313DF3 /* Preview Assets.xcassets */,
				FC3833EB290DE515003BCD33 /* ModelData.swift */,
				FC3833ED290DE550003BCD33 /* weatherData.json */,
			);
			path = "Preview Content";
			sourceTree = "<group>";
		};
		FCD86FF9290CB9E200313DF3 /* PlaySwiftUITests */ = {
			isa = PBXGroup;
			children = (
				FCD86FFA290CB9E200313DF3 /* PlaySwiftUITests.swift */,
			);
			path = PlaySwiftUITests;
			sourceTree = "<group>";
		};
		FCD87003290CB9E200313DF3 /* PlaySwiftUIUITests */ = {
			isa = PBXGroup;
			children = (
				FCD87004290CB9E200313DF3 /* PlaySwiftUIUITests.swift */,
				FCD87006290CB9E200313DF3 /* PlaySwiftUIUITestsLaunchTests.swift */,
			);
			path = PlaySwiftUIUITests;
			sourceTree = "<group>";
		};
/* End PBXGroup section */

/* Begin PBXNativeTarget section */
		FCD86FE5290CB9E200313DF3 /* PlaySwiftUI */ = {
			isa = PBXNativeTarget;
			buildConfigurationList = FCD8700A290CB9E200313DF3 /* Build configuration list for PBXNativeTarget "PlaySwiftUI" */;
			buildPhases = (
				FCD86FE2290CB9E200313DF3 /* Sources */,
				FCD86FE3290CB9E200313DF3 /* Frameworks */,
				FCD86FE4290CB9E200313DF3 /* Resources */,
			);
			buildRules = (
			);
			dependencies = (
			);
			name = PlaySwiftUI;
			productName = PlaySwiftUI;
			productReference = FCD86FE6290CB9E200313DF3 /* PlaySwiftUI.app */;
			productType = "com.apple.product-type.application";
		};
		FCD86FF5290CB9E200313DF3 /* PlaySwiftUITests */ = {
			isa = PBXNativeTarget;
			buildConfigurationList = FCD8700D290CB9E200313DF3 /* Build configuration list for PBXNativeTarget "PlaySwiftUITests" */;
			buildPhases = (
				FCD86FF2290CB9E200313DF3 /* Sources */,
				FCD86FF3290CB9E200313DF3 /* Frameworks */,
				FCD86FF4290CB9E200313DF3 /* Resources */,
			);
			buildRules = (
			);
			dependencies = (
				FCD86FF8290CB9E200313DF3 /* PBXTargetDependency */,
			);
			name = PlaySwiftUITests;
			productName = PlaySwiftUITests;
			productReference = FCD86FF6290CB9E200313DF3 /* PlaySwiftUITests.xctest */;
			productType = "com.apple.product-type.bundle.unit-test";
		};
		FCD86FFF290CB9E200313DF3 /* PlaySwiftUIUITests */ = {
			isa = PBXNativeTarget;
			buildConfigurationList = FCD87010290CB9E200313DF3 /* Build configuration list for PBXNativeTarget "PlaySwiftUIUITests" */;
			buildPhases = (
				FCD86FFC290CB9E200313DF3 /* Sources */,
				FCD86FFD290CB9E200313DF3 /* Frameworks */,
				FCD86FFE290CB9E200313DF3 /* Resources */,
			);
			buildRules = (
			);
			dependencies = (
				FCD87002290CB9E200313DF3 /* PBXTargetDependency */,
			);
			name = PlaySwiftUIUITests;
			productName = PlaySwiftUIUITests;
			productReference = FCD87000290CB9E200313DF3 /* PlaySwiftUIUITests.xctest */;
			productType = "com.apple.product-type.bundle.ui-testing";
		};
/* End PBXNativeTarget section */

/* Begin PBXProject section */
		FCD86FDE290CB9E200313DF3 /* Project object */ = {
			isa = PBXProject;
			attributes = {
				BuildIndependentTargetsInParallel = 1;
				LastSwiftUpdateCheck = 1340;
				LastUpgradeCheck = 1340;
				TargetAttributes = {
					FCD86FE5290CB9E200313DF3 = {
						CreatedOnToolsVersion = 13.4.1;
					};
					FCD86FF5290CB9E200313DF3 = {
						CreatedOnToolsVersion = 13.4.1;
						TestTargetID = FCD86FE5290CB9E200313DF3;
					};
					FCD86FFF290CB9E200313DF3 = {
						CreatedOnToolsVersion = 13.4.1;
						TestTargetID = FCD86FE5290CB9E200313DF3;
					};
				};
			};
			buildConfigurationList = FCD86FE1290CB9E200313DF3 /* Build configuration list for PBXProject "PlaySwiftUI" */;
			compatibilityVersion = "Xcode 13.0";
			developmentRegion = en;
			hasScannedForEncodings = 0;
			knownRegions = (
				en,
				Base,
			);
			mainGroup = FCD86FDD290CB9E200313DF3;
			productRefGroup = FCD86FE7290CB9E200313DF3 /* Products */;
			projectDirPath = "";
			projectRoot = "";
			targets = (
				FCD86FE5290CB9E200313DF3 /* PlaySwiftUI */,
				FCD86FF5290CB9E200313DF3 /* PlaySwiftUITests */,
				FCD86FFF290CB9E200313DF3 /* PlaySwiftUIUITests */,
			);
		};
/* End PBXProject section */

/* Begin PBXResourcesBuildPhase section */
		FCD86FE4290CB9E200313DF3 /* Resources */ = {
			isa = PBXResourcesBuildPhase;
			buildActionMask = 2147483647;
			files = (
				FCD86FF1290CB9E200313DF3 /* Preview Assets.xcassets in Resources */,
				FCA51E022AD5A78B00BD96F4 /* arm64-apple-ios-simulator.swiftsourceinfo in Resources */,
				FC3833EE290DE550003BCD33 /* weatherData.json in Resources */,
				FCA51E002AD5A78B00BD96F4 /* arm64-apple-ios-simulator.abi.json in Resources */,
				FCD86FEE290CB9E200313DF3 /* Assets.xcassets in Resources */,
				FCA51E012AD5A78B00BD96F4 /* arm64-apple-ios-simulator.swiftmodule in Resources */,
				FCA51E032AD5A78B00BD96F4 /* arm64-apple-ios-simulator.swiftdoc in Resources */,
			);
			runOnlyForDeploymentPostprocessing = 0;
		};
		FCD86FF4290CB9E200313DF3 /* Resources */ = {
			isa = PBXResourcesBuildPhase;
			buildActionMask = 2147483647;
			files = (
			);
			runOnlyForDeploymentPostprocessing = 0;
		};
		FCD86FFE290CB9E200313DF3 /* Resources */ = {
			isa = PBXResourcesBuildPhase;
			buildActionMask = 2147483647;
			files = (
			);
			runOnlyForDeploymentPostprocessing = 0;
		};
/* End PBXResourcesBuildPhase section */

/* Begin PBXSourcesBuildPhase section */
		FCD86FE2290CB9E200313DF3 /* Sources */ = {
			isa = PBXSourcesBuildPhase;
			buildActionMask = 2147483647;
			files = (
				FC3833E8290DE031003BCD33 /* WeatherManager.swift in Sources */,
				FC3833F0290DE8DE003BCD33 /* Extensions.swift in Sources */,
				FCD86FEC290CB9E200313DF3 /* ContentView.swift in Sources */,
				FCD86FEA290CB9E200313DF3 /* PlaySwiftUIApp.swift in Sources */,
				FC3833E1290DCCE1003BCD33 /* LocationManager.swift in Sources */,
				FC3833F3290DF0F9003BCD33 /* WeatherRow.swift in Sources */,
				FC3833E6290DDBF8003BCD33 /* LoadingView.swift in Sources */,
				FC3833EC290DE515003BCD33 /* ModelData.swift in Sources */,
				FC3833EA290DE4BA003BCD33 /* WeatherView.swift in Sources */,
				FC3833E4290DCEFA003BCD33 /* WelcomeView.swift in Sources */,
			);
			runOnlyForDeploymentPostprocessing = 0;
		};
		FCD86FF2290CB9E200313DF3 /* Sources */ = {
			isa = PBXSourcesBuildPhase;
			buildActionMask = 2147483647;
			files = (
				FCD86FFB290CB9E200313DF3 /* PlaySwiftUITests.swift in Sources */,
			);
			runOnlyForDeploymentPostprocessing = 0;
		};
		FCD86FFC290CB9E200313DF3 /* Sources */ = {
			isa = PBXSourcesBuildPhase;
			buildActionMask = 2147483647;
			files = (
				FCD87007290CB9E200313DF3 /* PlaySwiftUIUITestsLaunchTests.swift in Sources */,
				FCD87005290CB9E200313DF3 /* PlaySwiftUIUITests.swift in Sources */,
			);
			runOnlyForDeploymentPostprocessing = 0;
		};
/* End PBXSourcesBuildPhase section */

/* Begin PBXTargetDependency section */
		FCD86FF8290CB9E200313DF3 /* PBXTargetDependency */ = {
			isa = PBXTargetDependency;
			target = FCD86FE5290CB9E200313DF3 /* PlaySwiftUI */;
			targetProxy = FCD86FF7290CB9E200313DF3 /* PBXContainerItemProxy */;
		};
		FCD87002290CB9E200313DF3 /* PBXTargetDependency */ = {
			isa = PBXTargetDependency;
			target = FCD86FE5290CB9E200313DF3 /* PlaySwiftUI */;
			targetProxy = FCD87001290CB9E200313DF3 /* PBXContainerItemProxy */;
		};
/* End PBXTargetDependency section */

/* Begin XCBuildConfiguration section */
		FCD87008290CB9E200313DF3 /* Debug */ = {
			isa = XCBuildConfiguration;
			buildSettings = {
				ALWAYS_SEARCH_USER_PATHS = NO;
				CLANG_ANALYZER_NONNULL = YES;
				CLANG_ANALYZER_NUMBER_OBJECT_CONVERSION = YES_AGGRESSIVE;
				CLANG_CXX_LANGUAGE_STANDARD = "gnu++17";
				CLANG_ENABLE_MODULES = YES;
				CLANG_ENABLE_OBJC_ARC = YES;
				CLANG_ENABLE_OBJC_WEAK = YES;
				CLANG_WARN_BLOCK_CAPTURE_AUTORELEASING = YES;
				CLANG_WARN_BOOL_CONVERSION = YES;
				CLANG_WARN_COMMA = YES;
				CLANG_WARN_CONSTANT_CONVERSION = YES;
				CLANG_WARN_DEPRECATED_OBJC_IMPLEMENTATIONS = YES;
				CLANG_WARN_DIRECT_OBJC_ISA_USAGE = YES_ERROR;
				CLANG_WARN_DOCUMENTATION_COMMENTS = YES;
				CLANG_WARN_EMPTY_BODY = YES;
				CLANG_WARN_ENUM_CONVERSION = YES;
				CLANG_WARN_INFINITE_RECURSION = YES;
				CLANG_WARN_INT_CONVERSION = YES;
				CLANG_WARN_NON_LITERAL_NULL_CONVERSION = YES;
				CLANG_WARN_OBJC_IMPLICIT_RETAIN_SELF = YES;
				CLANG_WARN_OBJC_LITERAL_CONVERSION = YES;
				CLANG_WARN_OBJC_ROOT_CLASS = YES_ERROR;
				CLANG_WARN_QUOTED_INCLUDE_IN_FRAMEWORK_HEADER = YES;
				CLANG_WARN_RANGE_LOOP_ANALYSIS = YES;
				CLANG_WARN_STRICT_PROTOTYPES = YES;
				CLANG_WARN_SUSPICIOUS_MOVE = YES;
				CLANG_WARN_UNGUARDED_AVAILABILITY = YES_AGGRESSIVE;
				CLANG_WARN_UNREACHABLE_CODE = YES;
				CLANG_WARN__DUPLICATE_METHOD_MATCH = YES;
				COPY_PHASE_STRIP = NO;
				DEBUG_INFORMATION_FORMAT = dwarf;
				ENABLE_STRICT_OBJC_MSGSEND = YES;
				ENABLE_TESTABILITY = YES;
				GCC_C_LANGUAGE_STANDARD = gnu11;
				GCC_DYNAMIC_NO_PIC = NO;
				GCC_NO_COMMON_BLOCKS = YES;
				GCC_OPTIMIZATION_LEVEL = 0;
				GCC_PREPROCESSOR_DEFINITIONS = (
					"DEBUG=1",
					"$(inherited)",
				);
				GCC_WARN_64_TO_32_BIT_CONVERSION = YES;
				GCC_WARN_ABOUT_RETURN_TYPE = YES_ERROR;
				GCC_WARN_UNDECLARED_SELECTOR = YES;
				GCC_WARN_UNINITIALIZED_AUTOS = YES_AGGRESSIVE;
				GCC_WARN_UNUSED_FUNCTION = YES;
				GCC_WARN_UNUSED_VARIABLE = YES;
				IPHONEOS_DEPLOYMENT_TARGET = 15.5;
				MTL_ENABLE_DEBUG_INFO = INCLUDE_SOURCE;
				MTL_FAST_MATH = YES;
				ONLY_ACTIVE_ARCH = YES;
				SDKROOT = iphoneos;
				SWIFT_ACTIVE_COMPILATION_CONDITIONS = DEBUG;
				SWIFT_OPTIMIZATION_LEVEL = "-Onone";
			};
			name = Debug;
		};
		FCD87009290CB9E200313DF3 /* Release */ = {
			isa = XCBuildConfiguration;
			buildSettings = {
				ALWAYS_SEARCH_USER_PATHS = NO;
				CLANG_ANALYZER_NONNULL = YES;
				CLANG_ANALYZER_NUMBER_OBJECT_CONVERSION = YES_AGGRESSIVE;
				CLANG_CXX_LANGUAGE_STANDARD = "gnu++17";
				CLANG_ENABLE_MODULES = YES;
				CLANG_ENABLE_OBJC_ARC = YES;
				CLANG_ENABLE_OBJC_WEAK = YES;
				CLANG_WARN_BLOCK_CAPTURE_AUTORELEASING = YES;
				CLANG_WARN_BOOL_CONVERSION = YES;
				CLANG_WARN_COMMA = YES;
				CLANG_WARN_CONSTANT_CONVERSION = YES;
				CLANG_WARN_DEPRECATED_OBJC_IMPLEMENTATIONS = YES;
				CLANG_WARN_DIRECT_OBJC_ISA_USAGE = YES_ERROR;
				CLANG_WARN_DOCUMENTATION_COMMENTS = YES;
				CLANG_WARN_EMPTY_BODY = YES;
				CLANG_WARN_ENUM_CONVERSION = YES;
				CLANG_WARN_INFINITE_RECURSION = YES;
				CLANG_WARN_INT_CONVERSION = YES;
				CLANG_WARN_NON_LITERAL_NULL_CONVERSION = YES;
				CLANG_WARN_OBJC_IMPLICIT_RETAIN_SELF = YES;
				CLANG_WARN_OBJC_LITERAL_CONVERSION = YES;
				CLANG_WARN_OBJC_ROOT_CLASS = YES_ERROR;
				CLANG_WARN_QUOTED_INCLUDE_IN_FRAMEWORK_HEADER = YES;
				CLANG_WARN_RANGE_LOOP_ANALYSIS = YES;
				CLANG_WARN_STRICT_PROTOTYPES = YES;
				CLANG_WARN_SUSPICIOUS_MOVE = YES;
				CLANG_WARN_UNGUARDED_AVAILABILITY = YES_AGGRESSIVE;
				CLANG_WARN_UNREACHABLE_CODE = YES;
				CLANG_WARN__DUPLICATE_METHOD_MATCH = YES;
				COPY_PHASE_STRIP = NO;
				DEBUG_INFORMATION_FORMAT = "dwarf-with-dsym";
				ENABLE_NS_ASSERTIONS = NO;
				ENABLE_STRICT_OBJC_MSGSEND = YES;
				GCC_C_LANGUAGE_STANDARD = gnu11;
				GCC_NO_COMMON_BLOCKS = YES;
				GCC_WARN_64_TO_32_BIT_CONVERSION = YES;
				GCC_WARN_ABOUT_RETURN_TYPE = YES_ERROR;
				GCC_WARN_UNDECLARED_SELECTOR = YES;
				GCC_WARN_UNINITIALIZED_AUTOS = YES_AGGRESSIVE;
				GCC_WARN_UNUSED_FUNCTION = YES;
				GCC_WARN_UNUSED_VARIABLE = YES;
				IPHONEOS_DEPLOYMENT_TARGET = 15.5;
				MTL_ENABLE_DEBUG_INFO = NO;
				MTL_FAST_MATH = YES;
				SDKROOT = iphoneos;
				SWIFT_COMPILATION_MODE = wholemodule;
				SWIFT_OPTIMIZATION_LEVEL = "-O";
				VALIDATE_PRODUCT = YES;
			};
			name = Release;
		};
		FCD8700B290CB9E200313DF3 /* Debug */ = {
			isa = XCBuildConfiguration;
			buildSettings = {
				ASSETCATALOG_COMPILER_APPICON_NAME = AppIcon;
				ASSETCATALOG_COMPILER_GLOBAL_ACCENT_COLOR_NAME = AccentColor;
				CODE_SIGN_STYLE = Automatic;
				CURRENT_PROJECT_VERSION = 1;
				DEVELOPMENT_ASSET_PATHS = "\"PlaySwiftUI/Preview Content\"";
				DEVELOPMENT_TEAM = TPZ5YF778A;
				ENABLE_PREVIEWS = YES;
				GENERATE_INFOPLIST_FILE = YES;
				INFOPLIST_KEY_CFBundleDisplayName = Climate;
				INFOPLIST_KEY_UIApplicationSceneManifest_Generation = YES;
				INFOPLIST_KEY_UIApplicationSupportsIndirectInputEvents = YES;
				INFOPLIST_KEY_UILaunchScreen_Generation = YES;
				INFOPLIST_KEY_UISupportedInterfaceOrientations_iPad = "UIInterfaceOrientationPortrait UIInterfaceOrientationPortraitUpsideDown UIInterfaceOrientationLandscapeLeft UIInterfaceOrientationLandscapeRight";
				INFOPLIST_KEY_UISupportedInterfaceOrientations_iPhone = "UIInterfaceOrientationPortrait UIInterfaceOrientationLandscapeLeft UIInterfaceOrientationLandscapeRight";
				IPHONEOS_DEPLOYMENT_TARGET = 16.1;
				LD_RUNPATH_SEARCH_PATHS = (
					"$(inherited)",
					"@executable_path/Frameworks",
				);
				LIBRARY_SEARCH_PATHS = (
					"$(inherited)",
					"$(PROJECT_DIR)/WeatherLib",
				);
				MARKETING_VERSION = 1.0;
				PRODUCT_BUNDLE_IDENTIFIER = com.dhruvbhatt.PlaySwiftUI;
				PRODUCT_NAME = "$(TARGET_NAME)";
				SWIFT_EMIT_LOC_STRINGS = YES;
				SWIFT_INCLUDE_PATHS = "$(PROJECT_DIR)/WeatherLib";
				SWIFT_VERSION = 5.0;
				TARGETED_DEVICE_FAMILY = "1,2";
			};
			name = Debug;
		};
		FCD8700C290CB9E200313DF3 /* Release */ = {
			isa = XCBuildConfiguration;
			buildSettings = {
				ASSETCATALOG_COMPILER_APPICON_NAME = AppIcon;
				ASSETCATALOG_COMPILER_GLOBAL_ACCENT_COLOR_NAME = AccentColor;
				CODE_SIGN_STYLE = Automatic;
				CURRENT_PROJECT_VERSION = 1;
				DEVELOPMENT_ASSET_PATHS = "\"PlaySwiftUI/Preview Content\"";
				DEVELOPMENT_TEAM = TPZ5YF778A;
				ENABLE_PREVIEWS = YES;
				GENERATE_INFOPLIST_FILE = YES;
				INFOPLIST_KEY_CFBundleDisplayName = Climate;
				INFOPLIST_KEY_UIApplicationSceneManifest_Generation = YES;
				INFOPLIST_KEY_UIApplicationSupportsIndirectInputEvents = YES;
				INFOPLIST_KEY_UILaunchScreen_Generation = YES;
				INFOPLIST_KEY_UISupportedInterfaceOrientations_iPad = "UIInterfaceOrientationPortrait UIInterfaceOrientationPortraitUpsideDown UIInterfaceOrientationLandscapeLeft UIInterfaceOrientationLandscapeRight";
				INFOPLIST_KEY_UISupportedInterfaceOrientations_iPhone = "UIInterfaceOrientationPortrait UIInterfaceOrientationLandscapeLeft UIInterfaceOrientationLandscapeRight";
				IPHONEOS_DEPLOYMENT_TARGET = 16.1;
				LD_RUNPATH_SEARCH_PATHS = (
					"$(inherited)",
					"@executable_path/Frameworks",
				);
				LIBRARY_SEARCH_PATHS = (
					"$(inherited)",
					"$(PROJECT_DIR)/WeatherLib",
				);
				MARKETING_VERSION = 1.0;
				PRODUCT_BUNDLE_IDENTIFIER = com.dhruvbhatt.PlaySwiftUI;
				PRODUCT_NAME = "$(TARGET_NAME)";
				SWIFT_EMIT_LOC_STRINGS = YES;
				SWIFT_INCLUDE_PATHS = "$(PROJECT_DIR)/WeatherLib";
				SWIFT_VERSION = 5.0;
				TARGETED_DEVICE_FAMILY = "1,2";
			};
			name = Release;
		};
		FCD8700E290CB9E200313DF3 /* Debug */ = {
			isa = XCBuildConfiguration;
			buildSettings = {
				ALWAYS_EMBED_SWIFT_STANDARD_LIBRARIES = YES;
				BUNDLE_LOADER = "$(TEST_HOST)";
				CODE_SIGN_STYLE = Automatic;
				CURRENT_PROJECT_VERSION = 1;
				GENERATE_INFOPLIST_FILE = YES;
				IPHONEOS_DEPLOYMENT_TARGET = 15.5;
				MARKETING_VERSION = 1.0;
				PRODUCT_BUNDLE_IDENTIFIER = com.dhruvbhatt.PlaySwiftUITests;
				PRODUCT_NAME = "$(TARGET_NAME)";
				SWIFT_EMIT_LOC_STRINGS = NO;
				SWIFT_VERSION = 5.0;
				TARGETED_DEVICE_FAMILY = "1,2";
				TEST_HOST = "$(BUILT_PRODUCTS_DIR)/PlaySwiftUI.app/PlaySwiftUI";
			};
			name = Debug;
		};
		FCD8700F290CB9E200313DF3 /* Release */ = {
			isa = XCBuildConfiguration;
			buildSettings = {
				ALWAYS_EMBED_SWIFT_STANDARD_LIBRARIES = YES;
				BUNDLE_LOADER = "$(TEST_HOST)";
				CODE_SIGN_STYLE = Automatic;
				CURRENT_PROJECT_VERSION = 1;
				GENERATE_INFOPLIST_FILE = YES;
				IPHONEOS_DEPLOYMENT_TARGET = 15.5;
				MARKETING_VERSION = 1.0;
				PRODUCT_BUNDLE_IDENTIFIER = com.dhruvbhatt.PlaySwiftUITests;
				PRODUCT_NAME = "$(TARGET_NAME)";
				SWIFT_EMIT_LOC_STRINGS = NO;
				SWIFT_VERSION = 5.0;
				TARGETED_DEVICE_FAMILY = "1,2";
				TEST_HOST = "$(BUILT_PRODUCTS_DIR)/PlaySwiftUI.app/PlaySwiftUI";
			};
			name = Release;
		};
		FCD87011290CB9E200313DF3 /* Debug */ = {
			isa = XCBuildConfiguration;
			buildSettings = {
				ALWAYS_EMBED_SWIFT_STANDARD_LIBRARIES = YES;
				CODE_SIGN_STYLE = Automatic;
				CURRENT_PROJECT_VERSION = 1;
				GENERATE_INFOPLIST_FILE = YES;
				MARKETING_VERSION = 1.0;
				PRODUCT_BUNDLE_IDENTIFIER = com.dhruvbhatt.PlaySwiftUIUITests;
				PRODUCT_NAME = "$(TARGET_NAME)";
				SWIFT_EMIT_LOC_STRINGS = NO;
				SWIFT_VERSION = 5.0;
				TARGETED_DEVICE_FAMILY = "1,2";
				TEST_TARGET_NAME = PlaySwiftUI;
			};
			name = Debug;
		};
		FCD87012290CB9E200313DF3 /* Release */ = {
			isa = XCBuildConfiguration;
			buildSettings = {
				ALWAYS_EMBED_SWIFT_STANDARD_LIBRARIES = YES;
				CODE_SIGN_STYLE = Automatic;
				CURRENT_PROJECT_VERSION = 1;
				GENERATE_INFOPLIST_FILE = YES;
				MARKETING_VERSION = 1.0;
				PRODUCT_BUNDLE_IDENTIFIER = com.dhruvbhatt.PlaySwiftUIUITests;
				PRODUCT_NAME = "$(TARGET_NAME)";
				SWIFT_EMIT_LOC_STRINGS = NO;
				SWIFT_VERSION = 5.0;
				TARGETED_DEVICE_FAMILY = "1,2";
				TEST_TARGET_NAME = PlaySwiftUI;
			};
			name = Release;
		};
/* End XCBuildConfiguration section */

/* Begin XCConfigurationList section */
		FCD86FE1290CB9E200313DF3 /* Build configuration list for PBXProject "PlaySwiftUI" */ = {
			isa = XCConfigurationList;
			buildConfigurations = (
				FCD87008290CB9E200313DF3 /* Debug */,
				FCD87009290CB9E200313DF3 /* Release */,
			);
			defaultConfigurationIsVisible = 0;
			defaultConfigurationName = Release;
		};
		FCD8700A290CB9E200313DF3 /* Build configuration list for PBXNativeTarget "PlaySwiftUI" */ = {
			isa = XCConfigurationList;
			buildConfigurations = (
				FCD8700B290CB9E200313DF3 /* Debug */,
				FCD8700C290CB9E200313DF3 /* Release */,
			);
			defaultConfigurationIsVisible = 0;
			defaultConfigurationName = Release;
		};
		FCD8700D290CB9E200313DF3 /* Build configuration list for PBXNativeTarget "PlaySwiftUITests" */ = {
			isa = XCConfigurationList;
			buildConfigurations = (
				FCD8700E290CB9E200313DF3 /* Debug */,
				FCD8700F290CB9E200313DF3 /* Release */,
			);
			defaultConfigurationIsVisible = 0;
			defaultConfigurationName = Release;
		};
		FCD87010290CB9E200313DF3 /* Build configuration list for PBXNativeTarget "PlaySwiftUIUITests" */ = {
			isa = XCConfigurationList;
			buildConfigurations = (
				FCD87011290CB9E200313DF3 /* Debug */,
				FCD87012290CB9E200313DF3 /* Release */,
			);
			defaultConfigurationIsVisible = 0;
			defaultConfigurationName = Release;
		};
/* End XCConfigurationList section */
	};
	rootObject = FCD86FDE290CB9E200313DF3 /* Project object */;
}
